// !$*UTF8*$!
{
	archiveVersion = 1;
	classes = {
	};
	objectVersion = 50;
	objects = {

/* Begin PBXBuildFile section */
		9279B301261F540E00534C96 /* AppDelegate.swift in Sources */ = {isa = PBXBuildFile; fileRef = 9279B300261F540E00534C96 /* AppDelegate.swift */; };
		9279B303261F540E00534C96 /* SceneDelegate.swift in Sources */ = {isa = PBXBuildFile; fileRef = 9279B302261F540E00534C96 /* SceneDelegate.swift */; };
		9279B305261F540E00534C96 /* ViewController.swift in Sources */ = {isa = PBXBuildFile; fileRef = 9279B304261F540E00534C96 /* ViewController.swift */; };
		9279B308261F540E00534C96 /* Main.storyboard in Resources */ = {isa = PBXBuildFile; fileRef = 9279B306261F540E00534C96 /* Main.storyboard */; };
		9279B30A261F541400534C96 /* Assets.xcassets in Resources */ = {isa = PBXBuildFile; fileRef = 9279B309261F541400534C96 /* Assets.xcassets */; };
		9279B30D261F541400534C96 /* LaunchScreen.storyboard in Resources */ = {isa = PBXBuildFile; fileRef = 9279B30B261F541400534C96 /* LaunchScreen.storyboard */; };
		9279B316261F59C600534C96 /* AccountVC.swift in Sources */ = {isa = PBXBuildFile; fileRef = 9279B315261F59C600534C96 /* AccountVC.swift */; };
		9279B319261F59F800534C96 /* FinishVC.swift in Sources */ = {isa = PBXBuildFile; fileRef = 9279B318261F59F800534C96 /* FinishVC.swift */; };
/* End PBXBuildFile section */

/* Begin PBXFileReference section */
		9279B2FD261F540E00534C96 /* 28th_iOS_1st_Assignment.app */ = {isa = PBXFileReference; explicitFileType = wrapper.application; includeInIndex = 0; path = 28th_iOS_1st_Assignment.app; sourceTree = BUILT_PRODUCTS_DIR; };
		9279B300261F540E00534C96 /* AppDelegate.swift */ = {isa = PBXFileReference; lastKnownFileType = sourcecode.swift; path = AppDelegate.swift; sourceTree = "<group>"; };
		9279B302261F540E00534C96 /* SceneDelegate.swift */ = {isa = PBXFileReference; lastKnownFileType = sourcecode.swift; path = SceneDelegate.swift; sourceTree = "<group>"; };
		9279B304261F540E00534C96 /* ViewController.swift */ = {isa = PBXFileReference; lastKnownFileType = sourcecode.swift; path = ViewController.swift; sourceTree = "<group>"; };
		9279B307261F540E00534C96 /* Base */ = {isa = PBXFileReference; lastKnownFileType = file.storyboard; name = Base; path = Base.lproj/Main.storyboard; sourceTree = "<group>"; };
		9279B309261F541400534C96 /* Assets.xcassets */ = {isa = PBXFileReference; lastKnownFileType = folder.assetcatalog; path = Assets.xcassets; sourceTree = "<group>"; };
		9279B30C261F541400534C96 /* Base */ = {isa = PBXFileReference; lastKnownFileType = file.storyboard; name = Base; path = Base.lproj/LaunchScreen.storyboard; sourceTree = "<group>"; };
		9279B30E261F541400534C96 /* Info.plist */ = {isa = PBXFileReference; lastKnownFileType = text.plist.xml; path = Info.plist; sourceTree = "<group>"; };
		9279B315261F59C600534C96 /* AccountVC.swift */ = {isa = PBXFileReference; lastKnownFileType = sourcecode.swift; path = AccountVC.swift; sourceTree = "<group>"; };
		9279B318261F59F800534C96 /* FinishVC.swift */ = {isa = PBXFileReference; lastKnownFileType = sourcecode.swift; path = FinishVC.swift; sourceTree = "<group>"; };
/* End PBXFileReference section */

/* Begin PBXFrameworksBuildPhase section */
		9279B2FA261F540E00534C96 /* Frameworks */ = {
			isa = PBXFrameworksBuildPhase;
			buildActionMask = 2147483647;
			files = (
			);
			runOnlyForDeploymentPostprocessing = 0;
		};
/* End PBXFrameworksBuildPhase section */

/* Begin PBXGroup section */
		9279B2F4261F540E00534C96 = {
			isa = PBXGroup;
			children = (
				9279B2FF261F540E00534C96 /* 28th_iOS_1st_Assignment */,
				9279B2FE261F540E00534C96 /* Products */,
			);
			sourceTree = "<group>";
		};
		9279B2FE261F540E00534C96 /* Products */ = {
			isa = PBXGroup;
			children = (
				9279B2FD261F540E00534C96 /* 28th_iOS_1st_Assignment.app */,
			);
			name = Products;
			sourceTree = "<group>";
		};
		9279B2FF261F540E00534C96 /* 28th_iOS_1st_Assignment */ = {
			isa = PBXGroup;
			children = (
				9279B300261F540E00534C96 /* AppDelegate.swift */,
				9279B302261F540E00534C96 /* SceneDelegate.swift */,
				9279B304261F540E00534C96 /* ViewController.swift */,
				9279B306261F540E00534C96 /* Main.storyboard */,
				9279B309261F541400534C96 /* Assets.xcassets */,
				9279B30B261F541400534C96 /* LaunchScreen.storyboard */,
				9279B30E261F541400534C96 /* Info.plist */,
				9279B315261F59C600534C96 /* AccountVC.swift */,
				9279B318261F59F800534C96 /* FinishVC.swift */,
			);
			path = 28th_iOS_1st_Assignment;
			sourceTree = "<group>";
		};
/* End PBXGroup section */

/* Begin PBXNativeTarget section */
		9279B2FC261F540E00534C96 /* 28th_iOS_1st_Assignment */ = {
			isa = PBXNativeTarget;
			buildConfigurationList = 9279B311261F541400534C96 /* Build configuration list for PBXNativeTarget "28th_iOS_1st_Assignment" */;
			buildPhases = (
				9279B2F9261F540E00534C96 /* Sources */,
				9279B2FA261F540E00534C96 /* Frameworks */,
				9279B2FB261F540E00534C96 /* Resources */,
			);
			buildRules = (
			);
			dependencies = (
			);
			name = 28th_iOS_1st_Assignment;
			productName = 28th_iOS_1st_Assignment;
			productReference = 9279B2FD261F540E00534C96 /* 28th_iOS_1st_Assignment.app */;
			productType = "com.apple.product-type.application";
		};
/* End PBXNativeTarget section */

/* Begin PBXProject section */
		9279B2F5261F540E00534C96 /* Project object */ = {
			isa = PBXProject;
			attributes = {
				LastSwiftUpdateCheck = 1230;
				LastUpgradeCheck = 1230;
				TargetAttributes = {
					9279B2FC261F540E00534C96 = {
						CreatedOnToolsVersion = 12.3;
					};
				};
			};
			buildConfigurationList = 9279B2F8261F540E00534C96 /* Build configuration list for PBXProject "28th_iOS_1st_Assignment" */;
			compatibilityVersion = "Xcode 9.3";
			developmentRegion = en;
			hasScannedForEncodings = 0;
			knownRegions = (
				en,
				Base,
			);
			mainGroup = 9279B2F4261F540E00534C96;
			productRefGroup = 9279B2FE261F540E00534C96 /* Products */;
			projectDirPath = "";
			projectRoot = "";
			targets = (
				9279B2FC261F540E00534C96 /* 28th_iOS_1st_Assignment */,
			);
		};
/* End PBXProject section */

/* Begin PBXResourcesBuildPhase section */
		9279B2FB261F540E00534C96 /* Resources */ = {
			isa = PBXResourcesBuildPhase;
			buildActionMask = 2147483647;
			files = (
				9279B30D261F541400534C96 /* LaunchScreen.storyboard in Resources */,
				9279B30A261F541400534C96 /* Assets.xcassets in Resources */,
				9279B308261F540E00534C96 /* Main.storyboard in Resources */,
			);
			runOnlyForDeploymentPostprocessing = 0;
		};
/* End PBXResourcesBuildPhase section */

/* Begin PBXSourcesBuildPhase section */
		9279B2F9261F540E00534C96 /* Sources */ = {
			isa = PBXSourcesBuildPhase;
			buildActionMask = 2147483647;
			files = (
				9279B316261F59C600534C96 /* AccountVC.swift in Sources */,
				9279B319261F59F800534C96 /* FinishVC.swift in Sources */,
				9279B305261F540E00534C96 /* ViewController.swift in Sources */,
				9279B301261F540E00534C96 /* AppDelegate.swift in Sources */,
				9279B303261F540E00534C96 /* SceneDelegate.swift in Sources */,
			);
			runOnlyForDeploymentPostprocessing = 0;
		};
/* End PBXSourcesBuildPhase section */

/* Begin PBXVariantGroup section */
		9279B306261F540E00534C96 /* Main.storyboard */ = {
			isa = PBXVariantGroup;
			children = (
				9279B307261F540E00534C96 /* Base */,
			);
			name = Main.storyboard;
			sourceTree = "<group>";
		};
		9279B30B261F541400534C96 /* LaunchScreen.storyboard */ = {
			isa = PBXVariantGroup;
			children = (
				9279B30C261F541400534C96 /* Base */,
			);
			name = LaunchScreen.storyboard;
			sourceTree = "<group>";
		};
/* End PBXVariantGroup section */

/* Begin XCBuildConfiguration section */
		9279B30F261F541400534C96 /* Debug */ = {
			isa = XCBuildConfiguration;
			buildSettings = {
				ALWAYS_SEARCH_USER_PATHS = NO;
				CLANG_ANALYZER_NONNULL = YES;
				CLANG_ANALYZER_NUMBER_OBJECT_CONVERSION = YES_AGGRESSIVE;
				CLANG_CXX_LANGUAGE_STANDARD = "gnu++14";
				CLANG_CXX_LIBRARY = "libc++";
				CLANG_ENABLE_MODULES = YES;
				CLANG_ENABLE_OBJC_ARC = YES;
				CLANG_ENABLE_OBJC_WEAK = YES;
				CLANG_WARN_BLOCK_CAPTURE_AUTORELEASING = YES;
				CLANG_WARN_BOOL_CONVERSION = YES;
				CLANG_WARN_COMMA = YES;
				CLANG_WARN_CONSTANT_CONVERSION = YES;
				CLANG_WARN_DEPRECATED_OBJC_IMPLEMENTATIONS = YES;
				CLANG_WARN_DIRECT_OBJC_ISA_USAGE = YES_ERROR;
				CLANG_WARN_DOCUMENTATION_COMMENTS = YES;
				CLANG_WARN_EMPTY_BODY = YES;
				CLANG_WARN_ENUM_CONVERSION = YES;
				CLANG_WARN_INFINITE_RECURSION = YES;
				CLANG_WARN_INT_CONVERSION = YES;
				CLANG_WARN_NON_LITERAL_NULL_CONVERSION = YES;
				CLANG_WARN_OBJC_IMPLICIT_RETAIN_SELF = YES;
				CLANG_WARN_OBJC_LITERAL_CONVERSION = YES;
				CLANG_WARN_OBJC_ROOT_CLASS = YES_ERROR;
				CLANG_WARN_QUOTED_INCLUDE_IN_FRAMEWORK_HEADER = YES;
				CLANG_WARN_RANGE_LOOP_ANALYSIS = YES;
				CLANG_WARN_STRICT_PROTOTYPES = YES;
				CLANG_WARN_SUSPICIOUS_MOVE = YES;
				CLANG_WARN_UNGUARDED_AVAILABILITY = YES_AGGRESSIVE;
				CLANG_WARN_UNREACHABLE_CODE = YES;
				CLANG_WARN__DUPLICATE_METHOD_MATCH = YES;
				COPY_PHASE_STRIP = NO;
				DEBUG_INFORMATION_FORMAT = dwarf;
				ENABLE_STRICT_OBJC_MSGSEND = YES;
				ENABLE_TESTABILITY = YES;
				GCC_C_LANGUAGE_STANDARD = gnu11;
				GCC_DYNAMIC_NO_PIC = NO;
				GCC_NO_COMMON_BLOCKS = YES;
				GCC_OPTIMIZATION_LEVEL = 0;
				GCC_PREPROCESSOR_DEFINITIONS = (
					"DEBUG=1",
					"$(inherited)",
				);
				GCC_WARN_64_TO_32_BIT_CONVERSION = YES;
				GCC_WARN_ABOUT_RETURN_TYPE = YES_ERROR;
				GCC_WARN_UNDECLARED_SELECTOR = YES;
				GCC_WARN_UNINITIALIZED_AUTOS = YES_AGGRESSIVE;
				GCC_WARN_UNUSED_FUNCTION = YES;
				GCC_WARN_UNUSED_VARIABLE = YES;
				IPHONEOS_DEPLOYMENT_TARGET = 14.3;
				MTL_ENABLE_DEBUG_INFO = INCLUDE_SOURCE;
				MTL_FAST_MATH = YES;
				ONLY_ACTIVE_ARCH = YES;
				SDKROOT = iphoneos;
				SWIFT_ACTIVE_COMPILATION_CONDITIONS = DEBUG;
				SWIFT_OPTIMIZATION_LEVEL = "-Onone";
			};
			name = Debug;
		};
		9279B310261F541400534C96 /* Release */ = {
			isa = XCBuildConfiguration;
			buildSettings = {
				ALWAYS_SEARCH_USER_PATHS = NO;
				CLANG_ANALYZER_NONNULL = YES;
				CLANG_ANALYZER_NUMBER_OBJECT_CONVERSION = YES_AGGRESSIVE;
				CLANG_CXX_LANGUAGE_STANDARD = "gnu++14";
				CLANG_CXX_LIBRARY = "libc++";
				CLANG_ENABLE_MODULES = YES;
				CLANG_ENABLE_OBJC_ARC = YES;
				CLANG_ENABLE_OBJC_WEAK = YES;
				CLANG_WARN_BLOCK_CAPTURE_AUTORELEASING = YES;
				CLANG_WARN_BOOL_CONVERSION = YES;
				CLANG_WARN_COMMA = YES;
				CLANG_WARN_CONSTANT_CONVERSION = YES;
				CLANG_WARN_DEPRECATED_OBJC_IMPLEMENTATIONS = YES;
				CLANG_WARN_DIRECT_OBJC_ISA_USAGE = YES_ERROR;
				CLANG_WARN_DOCUMENTATION_COMMENTS = YES;
				CLANG_WARN_EMPTY_BODY = YES;
				CLANG_WARN_ENUM_CONVERSION = YES;
				CLANG_WARN_INFINITE_RECURSION = YES;
				CLANG_WARN_INT_CONVERSION = YES;
				CLANG_WARN_NON_LITERAL_NULL_CONVERSION = YES;
				CLANG_WARN_OBJC_IMPLICIT_RETAIN_SELF = YES;
				CLANG_WARN_OBJC_LITERAL_CONVERSION = YES;
				CLANG_WARN_OBJC_ROOT_CLASS = YES_ERROR;
				CLANG_WARN_QUOTED_INCLUDE_IN_FRAMEWORK_HEADER = YES;
				CLANG_WARN_RANGE_LOOP_ANALYSIS = YES;
				CLANG_WARN_STRICT_PROTOTYPES = YES;
				CLANG_WARN_SUSPICIOUS_MOVE = YES;
				CLANG_WARN_UNGUARDED_AVAILABILITY = YES_AGGRESSIVE;
				CLANG_WARN_UNREACHABLE_CODE = YES;
				CLANG_WARN__DUPLICATE_METHOD_MATCH = YES;
				COPY_PHASE_STRIP = NO;
				DEBUG_INFORMATION_FORMAT = "dwarf-with-dsym";
				ENABLE_NS_ASSERTIONS = NO;
				ENABLE_STRICT_OBJC_MSGSEND = YES;
				GCC_C_LANGUAGE_STANDARD = gnu11;
				GCC_NO_COMMON_BLOCKS = YES;
				GCC_WARN_64_TO_32_BIT_CONVERSION = YES;
				GCC_WARN_ABOUT_RETURN_TYPE = YES_ERROR;
				GCC_WARN_UNDECLARED_SELECTOR = YES;
				GCC_WARN_UNINITIALIZED_AUTOS = YES_AGGRESSIVE;
				GCC_WARN_UNUSED_FUNCTION = YES;
				GCC_WARN_UNUSED_VARIABLE = YES;
				IPHONEOS_DEPLOYMENT_TARGET = 14.3;
				MTL_ENABLE_DEBUG_INFO = NO;
				MTL_FAST_MATH = YES;
				SDKROOT = iphoneos;
				SWIFT_COMPILATION_MODE = wholemodule;
				SWIFT_OPTIMIZATION_LEVEL = "-O";
				VALIDATE_PRODUCT = YES;
			};
			name = Release;
		};
		9279B312261F541400534C96 /* Debug */ = {
			isa = XCBuildConfiguration;
			buildSettings = {
				ASSETCATALOG_COMPILER_APPICON_NAME = AppIcon;
				ASSETCATALOG_COMPILER_GLOBAL_ACCENT_COLOR_NAME = AccentColor;
				CODE_SIGN_STYLE = Automatic;
				DEVELOPMENT_TEAM = 89UV4AXWM4;
				INFOPLIST_FILE = 28th_iOS_1st_Assignment/Info.plist;
				LD_RUNPATH_SEARCH_PATHS = (
					"$(inherited)",
					"@executable_path/Frameworks",
				);
				PRODUCT_BUNDLE_IDENTIFIER = "Seohyun.-8th-iOS-1st-Assignment";
				PRODUCT_NAME = "$(TARGET_NAME)";
				SWIFT_VERSION = 5.0;
				TARGETED_DEVICE_FAMILY = "1,2";
			};
			name = Debug;
		};
		9279B313261F541400534C96 /* Release */ = {
			isa = XCBuildConfiguration;
			buildSettings = {
				ASSETCATALOG_COMPILER_APPICON_NAME = AppIcon;
				ASSETCATALOG_COMPILER_GLOBAL_ACCENT_COLOR_NAME = AccentColor;
				CODE_SIGN_STYLE = Automatic;
				DEVELOPMENT_TEAM = 89UV4AXWM4;
				INFOPLIST_FILE = 28th_iOS_1st_Assignment/Info.plist;
				LD_RUNPATH_SEARCH_PATHS = (
					"$(inherited)",
					"@executable_path/Frameworks",
				);
				PRODUCT_BUNDLE_IDENTIFIER = "Seohyun.-8th-iOS-1st-Assignment";
				PRODUCT_NAME = "$(TARGET_NAME)";
				SWIFT_VERSION = 5.0;
				TARGETED_DEVICE_FAMILY = "1,2";
			};
			name = Release;
		};
/* End XCBuildConfiguration section */

/* Begin XCConfigurationList section */
		9279B2F8261F540E00534C96 /* Build configuration list for PBXProject "28th_iOS_1st_Assignment" */ = {
			isa = XCConfigurationList;
			buildConfigurations = (
				9279B30F261F541400534C96 /* Debug */,
				9279B310261F541400534C96 /* Release */,
			);
			defaultConfigurationIsVisible = 0;
			defaultConfigurationName = Release;
		};
		9279B311261F541400534C96 /* Build configuration list for PBXNativeTarget "28th_iOS_1st_Assignment" */ = {
			isa = XCConfigurationList;
			buildConfigurations = (
				9279B312261F541400534C96 /* Debug */,
				9279B313261F541400534C96 /* Release */,
			);
			defaultConfigurationIsVisible = 0;
			defaultConfigurationName = Release;
		};
/* End XCConfigurationList section */
	};
	rootObject = 9279B2F5261F540E00534C96 /* Project object */;
}
